
Microsoft Visual Studio Solution File, Format Version 12.00
# Visual Studio Version 17
VisualStudioVersion = 17.8.34511.84
MinimumVisualStudioVersion = 10.0.40219.1
Project("{FAE04EC0-301F-11D3-BF4B-00C04F79EFBC}") = "NugetTransporte", "NugetTransporte\NugetTransporte.csproj", "{289040C6-5B89-4368-B4F3-25367A2C674E}"
EndProject
Global
	GlobalSection(SolutionConfigurationPlatforms) = preSolution
		Debug|Any CPU = Debug|Any CPU
		Release|Any CPU = Release|Any CPU
	EndGlobalSection
	GlobalSection(ProjectConfigurationPlatforms) = postSolution
		{289040C6-5B89-4368-B4F3-25367A2C674E}.Debug|Any CPU.ActiveCfg = Debug|Any CPU
		{289040C6-5B89-4368-B4F3-25367A2C674E}.Debug|Any CPU.Build.0 = Debug|Any CPU
		{289040C6-5B89-4368-B4F3-25367A2C674E}.Release|Any CPU.ActiveCfg = Release|Any CPU
		{289040C6-5B89-4368-B4F3-25367A2C674E}.Release|Any CPU.Build.0 = Release|Any CPU
	EndGlobalSection
	GlobalSection(SolutionProperties) = preSolution
		HideSolutionNode = FALSE
	EndGlobalSection
	GlobalSection(ExtensibilityGlobals) = postSolution
		SolutionGuid = {3C18FA09-AC4F-4970-93CE-E93DCC151372}
	EndGlobalSection
EndGlobal
